
Microsoft Visual Studio Solution File, Format Version 12.00
# Visual Studio Version 16
VisualStudioVersion = 16.0.30309.148
MinimumVisualStudioVersion = 10.0.40219.1
Project("{FAE04EC0-301F-11D3-BF4B-00C04F79EFBC}") = "Password Validator", "Password Validator\Password Validator.csproj", "{A09B9C0E-4D00-490E-80D6-4A1B601BD49B}"
EndProject
Global
	GlobalSection(SolutionConfigurationPlatforms) = preSolution
		Debug|Any CPU = Debug|Any CPU
		Release|Any CPU = Release|Any CPU
	EndGlobalSection
	GlobalSection(ProjectConfigurationPlatforms) = postSolution
		{A09B9C0E-4D00-490E-80D6-4A1B601BD49B}.Debug|Any CPU.ActiveCfg = Debug|Any CPU
		{A09B9C0E-4D00-490E-80D6-4A1B601BD49B}.Debug|Any CPU.Build.0 = Debug|Any CPU
		{A09B9C0E-4D00-490E-80D6-4A1B601BD49B}.Release|Any CPU.ActiveCfg = Release|Any CPU
		{A09B9C0E-4D00-490E-80D6-4A1B601BD49B}.Release|Any CPU.Build.0 = Release|Any CPU
	EndGlobalSection
	GlobalSection(SolutionProperties) = preSolution
		HideSolutionNode = FALSE
	EndGlobalSection
	GlobalSection(ExtensibilityGlobals) = postSolution
		SolutionGuid = {AA57F490-4C02-4136-9C17-FB701BAD9CC3}
	EndGlobalSection
EndGlobal
